PODS:
  - AFNetworking (3.1.0):
    - AFNetworking/NSURLSession (= 3.1.0)
    - AFNetworking/Reachability (= 3.1.0)
    - AFNetworking/Security (= 3.1.0)
    - AFNetworking/Serialization (= 3.1.0)
    - AFNetworking/UIKit (= 3.1.0)
  - AFNetworking/NSURLSession (3.1.0):
    - AFNetworking/Reachability
    - AFNetworking/Security
    - AFNetworking/Serialization
  - AFNetworking/Reachability (3.1.0)
  - AFNetworking/Security (3.1.0)
  - AFNetworking/Serialization (3.1.0)
  - AFNetworking/UIKit (3.1.0):
    - AFNetworking/NSURLSession
  - cdebug (1.0)
  - FDStackView (1.0)
  - FoundationExtension (1.2.4):
    - cdebug (~> 1.0)
    - FoundationExtension/CocoaExtension (= 1.2.4)
    - FoundationExtension/FoundationExtension (= 1.2.4)
    - FoundationExtension/FoundationExtensionRC (= 1.2.4)
    - FoundationExtension/UIKitExtension (= 1.2.4)
  - FoundationExtension/FoundationExtension (1.2.4):
    - cdebug (~> 1.0)
    - FoundationExtension/FoundationExtensionRC
  - FoundationExtension/FoundationExtensionRC (1.2.4):
    - cdebug (~> 1.0)
  - FoundationExtension/UIKitExtension (1.2.4):
    - cdebug (~> 1.0)
    - FoundationExtension/FoundationExtension
  - Masonry (1.0.2)
  - MBProgressHUD (1.0.0)
  - MJExtension (3.0.13)
  - MJPhotoBrowser (1.0.2):
    - SDWebImage
    - SVProgressHUD
    - YLGIFImage
  - MJRefresh (3.1.12)
  - SDWebImage (3.8.2):
    - SDWebImage/Core (= 3.8.2)
  - SDWebImage/Core (3.8.2)
  - SVProgressHUD (2.0.3)
  - YLGIFImage (0.11)

DEPENDENCIES:
  - AFNetworking
  - FDStackView
  - FoundationExtension
  - Masonry
  - MBProgressHUD
  - MJExtension
  - MJPhotoBrowser
  - MJRefresh
  - SDWebImage

SPEC CHECKSUMS:
  AFNetworking: 5e0e199f73d8626b11e79750991f5d173d1f8b67
  cdebug: 5c96a55c303a3705afc5babbde8e054fdd9f8511
  FDStackView: 3a4bbe0ce9c35e974246a585168b9da8c32213f1
  FoundationExtension: 09439c8a1d1cd7b33b54bda3581ebfff9cc1bafa
  Masonry: 7c429b56da9d4ee0bbb3ed77a5ea710d6a5df39e
  MBProgressHUD: 4890f671c94e8a0f3cf959aa731e9de2f036d71a
  MJExtension: 5932755f451458eefa24239358817f8d291240c7
  MJPhotoBrowser: f55e8490231f44a78ca6455105a1c798a142c95f
  MJRefresh: b96cdb21c4aa75a7b07654311ab2f315c497e806
  SDWebImage: 098e97e6176540799c27e804c96653ee0833d13c
  SVProgressHUD: b0830714205bea1317ea1a2ebc71e5633af334d4
  YLGIFImage: c0ae132fe80e5282b2762a97d14e23ba71a748ae

PODFILE CHECKSUM: 6311aa9ef6d513d9161220f0b338729df0f4c903

COCOAPODS: 1.0.1
